
Microsoft Visual Studio Solution File, Format Version 12.00
# Visual Studio Version 17
VisualStudioVersion = 17.0.31903.59
MinimumVisualStudioVersion = 10.0.40219.1
Project("{2150E333-8FDC-42A3-9474-1A3956D46DE8}") = "src", "src", "{7759BAED-7A76-45FF-B107-41A13F081AB6}"
EndProject
Project("{FAE04EC0-301F-11D3-BF4B-00C04F79EFBC}") = "AxiomRPG.Core", "src\AxiomRPG.Core\AxiomRPG.Core.csproj", "{7EAE1ACD-58D5-47B2-9CE1-1A8EC37DB166}"
EndProject
Project("{FAE04EC0-301F-11D3-BF4B-00C04F79EFBC}") = "AxiomRPG.Data", "src\AxiomRPG.Data\AxiomRPG.Data.csproj", "{6BE06F5F-D1B7-4A3D-9B3C-7C46903DAD08}"
EndProject
Project("{FAE04EC0-301F-11D3-BF4B-00C04F79EFBC}") = "AxiomRPG.ECS", "src\AxiomRPG.ECS\AxiomRPG.ECS.csproj", "{BF98865B-C9C5-459E-A252-5977D956B882}"
EndProject
Project("{FAE04EC0-301F-11D3-BF4B-00C04F79EFBC}") = "AxiomRPG.World", "src\AxiomRPG.World\AxiomRPG.World.csproj", "{F5AE479A-607F-48B2-848C-EA6204142159}"
EndProject
Project("{FAE04EC0-301F-11D3-BF4B-00C04F79EFBC}") = "AxiomRPG.ToolAPI", "src\AxiomRPG.ToolAPI\AxiomRPG.ToolAPI.csproj", "{285E750F-BF21-41EC-870A-E51595A1A40A}"
EndProject
Project("{FAE04EC0-301F-11D3-BF4B-00C04F79EFBC}") = "AxiomRPG.AI", "src\AxiomRPG.AI\AxiomRPG.AI.csproj", "{41367A85-790E-43FA-9818-05EF44C36E81}"
EndProject
Project("{FAE04EC0-301F-11D3-BF4B-00C04F79EFBC}") = "AxiomRPG.Simulation", "src\AxiomRPG.Simulation\AxiomRPG.Simulation.csproj", "{30119DE3-34F4-41F5-B098-5C29655F1F22}"
EndProject
Project("{FAE04EC0-301F-11D3-BF4B-00C04F79EFBC}") = "AxiomRPG.Rendering", "src\AxiomRPG.Rendering\AxiomRPG.Rendering.csproj", "{9CA13441-2772-4D7A-90D6-F370AA2E99A3}"
EndProject
Project("{FAE04EC0-301F-11D3-BF4B-00C04F79EFBC}") = "AxiomRPG.Game", "src\AxiomRPG.Game\AxiomRPG.Game.csproj", "{8F03BAEB-586D-4763-B325-30CF1B307DB0}"
EndProject
Global
	GlobalSection(SolutionConfigurationPlatforms) = preSolution
		Debug|Any CPU = Debug|Any CPU
		Release|Any CPU = Release|Any CPU
	EndGlobalSection
	GlobalSection(SolutionProperties) = preSolution
		HideSolutionNode = FALSE
	EndGlobalSection
	GlobalSection(ProjectConfigurationPlatforms) = postSolution
		{7EAE1ACD-58D5-47B2-9CE1-1A8EC37DB166}.Debug|Any CPU.ActiveCfg = Debug|Any CPU
		{7EAE1ACD-58D5-47B2-9CE1-1A8EC37DB166}.Debug|Any CPU.Build.0 = Debug|Any CPU
		{7EAE1ACD-58D5-47B2-9CE1-1A8EC37DB166}.Release|Any CPU.ActiveCfg = Release|Any CPU
		{7EAE1ACD-58D5-47B2-9CE1-1A8EC37DB166}.Release|Any CPU.Build.0 = Release|Any CPU
		{6BE06F5F-D1B7-4A3D-9B3C-7C46903DAD08}.Debug|Any CPU.ActiveCfg = Debug|Any CPU
		{6BE06F5F-D1B7-4A3D-9B3C-7C46903DAD08}.Debug|Any CPU.Build.0 = Debug|Any CPU
		{6BE06F5F-D1B7-4A3D-9B3C-7C46903DAD08}.Release|Any CPU.ActiveCfg = Release|Any CPU
		{6BE06F5F-D1B7-4A3D-9B3C-7C46903DAD08}.Release|Any CPU.Build.0 = Release|Any CPU
		{BF98865B-C9C5-459E-A252-5977D956B882}.Debug|Any CPU.ActiveCfg = Debug|Any CPU
		{BF98865B-C9C5-459E-A252-5977D956B882}.Debug|Any CPU.Build.0 = Debug|Any CPU
		{BF98865B-C9C5-459E-A252-5977D956B882}.Release|Any CPU.ActiveCfg = Release|Any CPU
		{BF98865B-C9C5-459E-A252-5977D956B882}.Release|Any CPU.Build.0 = Release|Any CPU
		{F5AE479A-607F-48B2-848C-EA6204142159}.Debug|Any CPU.ActiveCfg = Debug|Any CPU
		{F5AE479A-607F-48B2-848C-EA6204142159}.Debug|Any CPU.Build.0 = Debug|Any CPU
		{F5AE479A-607F-48B2-848C-EA6204142159}.Release|Any CPU.ActiveCfg = Release|Any CPU
		{F5AE479A-607F-48B2-848C-EA6204142159}.Release|Any CPU.Build.0 = Release|Any CPU
		{285E750F-BF21-41EC-870A-E51595A1A40A}.Debug|Any CPU.ActiveCfg = Debug|Any CPU
		{285E750F-BF21-41EC-870A-E51595A1A40A}.Debug|Any CPU.Build.0 = Debug|Any CPU
		{285E750F-BF21-41EC-870A-E51595A1A40A}.Release|Any CPU.ActiveCfg = Release|Any CPU
		{285E750F-BF21-41EC-870A-E51595A1A40A}.Release|Any CPU.Build.0 = Release|Any CPU
		{41367A85-790E-43FA-9818-05EF44C36E81}.Debug|Any CPU.ActiveCfg = Debug|Any CPU
		{41367A85-790E-43FA-9818-05EF44C36E81}.Debug|Any CPU.Build.0 = Debug|Any CPU
		{41367A85-790E-43FA-9818-05EF44C36E81}.Release|Any CPU.ActiveCfg = Release|Any CPU
		{41367A85-790E-43FA-9818-05EF44C36E81}.Release|Any CPU.Build.0 = Release|Any CPU
		{30119DE3-34F4-41F5-B098-5C29655F1F22}.Debug|Any CPU.ActiveCfg = Debug|Any CPU
		{30119DE3-34F4-41F5-B098-5C29655F1F22}.Debug|Any CPU.Build.0 = Debug|Any CPU
		{30119DE3-34F4-41F5-B098-5C29655F1F22}.Release|Any CPU.ActiveCfg = Release|Any CPU
		{30119DE3-34F4-41F5-B098-5C29655F1F22}.Release|Any CPU.Build.0 = Release|Any CPU
		{9CA13441-2772-4D7A-90D6-F370AA2E99A3}.Debug|Any CPU.ActiveCfg = Debug|Any CPU
		{9CA13441-2772-4D7A-90D6-F370AA2E99A3}.Debug|Any CPU.Build.0 = Debug|Any CPU
		{9CA13441-2772-4D7A-90D6-F370AA2E99A3}.Release|Any CPU.ActiveCfg = Release|Any CPU
		{9CA13441-2772-4D7A-90D6-F370AA2E99A3}.Release|Any CPU.Build.0 = Release|Any CPU
		{8F03BAEB-586D-4763-B325-30CF1B307DB0}.Debug|Any CPU.ActiveCfg = Debug|Any CPU
		{8F03BAEB-586D-4763-B325-30CF1B307DB0}.Debug|Any CPU.Build.0 = Debug|Any CPU
		{8F03BAEB-586D-4763-B325-30CF1B307DB0}.Release|Any CPU.ActiveCfg = Release|Any CPU
		{8F03BAEB-586D-4763-B325-30CF1B307DB0}.Release|Any CPU.Build.0 = Release|Any CPU
	EndGlobalSection
	GlobalSection(NestedProjects) = preSolution
		{7EAE1ACD-58D5-47B2-9CE1-1A8EC37DB166} = {7759BAED-7A76-45FF-B107-41A13F081AB6}
		{6BE06F5F-D1B7-4A3D-9B3C-7C46903DAD08} = {7759BAED-7A76-45FF-B107-41A13F081AB6}
		{BF98865B-C9C5-459E-A252-5977D956B882} = {7759BAED-7A76-45FF-B107-41A13F081AB6}
		{F5AE479A-607F-48B2-848C-EA6204142159} = {7759BAED-7A76-45FF-B107-41A13F081AB6}
		{285E750F-BF21-41EC-870A-E51595A1A40A} = {7759BAED-7A76-45FF-B107-41A13F081AB6}
		{41367A85-790E-43FA-9818-05EF44C36E81} = {7759BAED-7A76-45FF-B107-41A13F081AB6}
		{30119DE3-34F4-41F5-B098-5C29655F1F22} = {7759BAED-7A76-45FF-B107-41A13F081AB6}
		{9CA13441-2772-4D7A-90D6-F370AA2E99A3} = {7759BAED-7A76-45FF-B107-41A13F081AB6}
		{8F03BAEB-586D-4763-B325-30CF1B307DB0} = {7759BAED-7A76-45FF-B107-41A13F081AB6}
	EndGlobalSection
EndGlobal
